
Microsoft Visual Studio Solution File, Format Version 12.00
# Visual Studio Version 16
VisualStudioVersion = 16.0.29418.71
MinimumVisualStudioVersion = 10.0.40219.1
Project("{FAE04EC0-301F-11D3-BF4B-00C04F79EFBC}") = "ContactManager", "ContactManager\ContactManager.csproj", "{00E6B9B9-E510-4D4B-B4AC-26716B1C114E}"
EndProject
Global
	GlobalSection(SolutionConfigurationPlatforms) = preSolution
		Debug|Any CPU = Debug|Any CPU
		Release|Any CPU = Release|Any CPU
	EndGlobalSection
	GlobalSection(ProjectConfigurationPlatforms) = postSolution
		{00E6B9B9-E510-4D4B-B4AC-26716B1C114E}.Debug|Any CPU.ActiveCfg = Debug|Any CPU
		{00E6B9B9-E510-4D4B-B4AC-26716B1C114E}.Debug|Any CPU.Build.0 = Debug|Any CPU
		{00E6B9B9-E510-4D4B-B4AC-26716B1C114E}.Release|Any CPU.ActiveCfg = Release|Any CPU
		{00E6B9B9-E510-4D4B-B4AC-26716B1C114E}.Release|Any CPU.Build.0 = Release|Any CPU
	EndGlobalSection
	GlobalSection(SolutionProperties) = preSolution
		HideSolutionNode = FALSE
	EndGlobalSection
	GlobalSection(ExtensibilityGlobals) = postSolution
		SolutionGuid = {CB97564F-0D4C-46C8-9BAA-68A94B0AE22A}
	EndGlobalSection
EndGlobal
